
Microsoft Visual Studio Solution File, Format Version 12.00
# Visual Studio Version 17
VisualStudioVersion = 17.3.32929.385
MinimumVisualStudioVersion = 10.0.40219.1
Project("{FAE04EC0-301F-11D3-BF4B-00C04F79EFBC}") = "ShoppingP6_JorgeRocha.Android", "ShoppingP6_JorgeRocha\ShoppingP6_JorgeRocha.Android\ShoppingP6_JorgeRocha.Android.csproj", "{6A2BAB28-A705-4183-AF22-A076B3CFDE1D}"
EndProject
Project("{FAE04EC0-301F-11D3-BF4B-00C04F79EFBC}") = "ShoppingP6_JorgeRocha", "ShoppingP6_JorgeRocha\ShoppingP6_JorgeRocha\ShoppingP6_JorgeRocha.csproj", "{74866630-4AAE-4F0D-97AF-33E87D0F3ADC}"
EndProject
Global
	GlobalSection(SolutionConfigurationPlatforms) = preSolution
		Debug|Any CPU = Debug|Any CPU
		Release|Any CPU = Release|Any CPU
	EndGlobalSection
	GlobalSection(ProjectConfigurationPlatforms) = postSolution
		{6A2BAB28-A705-4183-AF22-A076B3CFDE1D}.Debug|Any CPU.ActiveCfg = Debug|Any CPU
		{6A2BAB28-A705-4183-AF22-A076B3CFDE1D}.Debug|Any CPU.Build.0 = Debug|Any CPU
		{6A2BAB28-A705-4183-AF22-A076B3CFDE1D}.Debug|Any CPU.Deploy.0 = Debug|Any CPU
		{6A2BAB28-A705-4183-AF22-A076B3CFDE1D}.Release|Any CPU.ActiveCfg = Release|Any CPU
		{6A2BAB28-A705-4183-AF22-A076B3CFDE1D}.Release|Any CPU.Build.0 = Release|Any CPU
		{6A2BAB28-A705-4183-AF22-A076B3CFDE1D}.Release|Any CPU.Deploy.0 = Release|Any CPU
		{74866630-4AAE-4F0D-97AF-33E87D0F3ADC}.Debug|Any CPU.ActiveCfg = Debug|Any CPU
		{74866630-4AAE-4F0D-97AF-33E87D0F3ADC}.Debug|Any CPU.Build.0 = Debug|Any CPU
		{74866630-4AAE-4F0D-97AF-33E87D0F3ADC}.Debug|Any CPU.Deploy.0 = Debug|Any CPU
		{74866630-4AAE-4F0D-97AF-33E87D0F3ADC}.Release|Any CPU.ActiveCfg = Release|Any CPU
		{74866630-4AAE-4F0D-97AF-33E87D0F3ADC}.Release|Any CPU.Build.0 = Release|Any CPU
		{74866630-4AAE-4F0D-97AF-33E87D0F3ADC}.Release|Any CPU.Deploy.0 = Release|Any CPU
	EndGlobalSection
	GlobalSection(SolutionProperties) = preSolution
		HideSolutionNode = FALSE
	EndGlobalSection
	GlobalSection(ExtensibilityGlobals) = postSolution
		SolutionGuid = {3399BC30-4D0C-4EBB-A720-7891B44F5768}
	EndGlobalSection
EndGlobal
